# This file is automatically @generated by Cargo.
# It is not intended for manual editing.
version = 3

[[package]]
name = "d1"
version = "0.1.0"
source = "git+https://github.com/zong-zhe/d1.git#e0b454ac007b13cb9f011a8fdce4972a048787df"

[[package]]
name = "d2"
version = "0.1.0"
dependencies = [
 "d1",
]
